
Microsoft Visual Studio Solution File, Format Version 12.00
# Visual Studio Version 17
VisualStudioVersion = 17.1.32421.90
MinimumVisualStudioVersion = 10.0.40219.1
Project("{FAE04EC0-301F-11D3-BF4B-00C04F79EFBC}") = "Factory", "Factory\Factory.csproj", "{65852C89-4FC2-4971-998E-1FAB102689D5}"
EndProject
Global
	GlobalSection(SolutionConfigurationPlatforms) = preSolution
		Debug|Any CPU = Debug|Any CPU
		Release|Any CPU = Release|Any CPU
	EndGlobalSection
	GlobalSection(ProjectConfigurationPlatforms) = postSolution
		{65852C89-4FC2-4971-998E-1FAB102689D5}.Debug|Any CPU.ActiveCfg = Debug|Any CPU
		{65852C89-4FC2-4971-998E-1FAB102689D5}.Debug|Any CPU.Build.0 = Debug|Any CPU
		{65852C89-4FC2-4971-998E-1FAB102689D5}.Release|Any CPU.ActiveCfg = Release|Any CPU
		{65852C89-4FC2-4971-998E-1FAB102689D5}.Release|Any CPU.Build.0 = Release|Any CPU
	EndGlobalSection
	GlobalSection(SolutionProperties) = preSolution
		HideSolutionNode = FALSE
	EndGlobalSection
	GlobalSection(ExtensibilityGlobals) = postSolution
		SolutionGuid = {91145450-9F65-491D-BAF6-93E0E05BA153}
	EndGlobalSection
EndGlobal
